// !$*UTF8*$!
{
	archiveVersion = 1;
	classes = {
	};
	objectVersion = 48;
	objects = {

/* Begin PBXBuildFile section */
		0DE36EAE21558736004850C6 /* map.json in Resources */ = {isa = PBXBuildFile; fileRef = 0DE36EAD21558736004850C6 /* map.json */; };
		74052FF4219E4AB900FF50BC /* Main.storyboard in Resources */ = {isa = PBXBuildFile; fileRef = 74052FF3219E4AB900FF50BC /* Main.storyboard */; };
		74052FF6219E4D8700FF50BC /* bus_stop.json in Resources */ = {isa = PBXBuildFile; fileRef = 74052FF5219E4D8700FF50BC /* bus_stop.json */; };
		74052FF8219E4E7100FF50BC /* MapsTableViewController.swift in Sources */ = {isa = PBXBuildFile; fileRef = 74052FF7219E4E7100FF50BC /* MapsTableViewController.swift */; };
		74052FFA21A78EED00FF50BC /* map2.json in Resources */ = {isa = PBXBuildFile; fileRef = 74052FF921A78EED00FF50BC /* map2.json */; };
		7409A40921347232007041B0 /* AppDelegate.swift in Sources */ = {isa = PBXBuildFile; fileRef = 7409A40821347232007041B0 /* AppDelegate.swift */; };
		7409A40B21347232007041B0 /* Emulator.swift in Sources */ = {isa = PBXBuildFile; fileRef = 7409A40A21347232007041B0 /* Emulator.swift */; };
		7409A40E21347232007041B0 /* Emulator.storyboard in Resources */ = {isa = PBXBuildFile; fileRef = 7409A40C21347232007041B0 /* Emulator.storyboard */; };
		7409A41021347232007041B0 /* Assets.xcassets in Resources */ = {isa = PBXBuildFile; fileRef = 7409A40F21347232007041B0 /* Assets.xcassets */; };
		7409A41321347232007041B0 /* LaunchScreen.storyboard in Resources */ = {isa = PBXBuildFile; fileRef = 7409A41121347232007041B0 /* LaunchScreen.storyboard */; };
		7409A41C2134730A007041B0 /* Graph.swift in Sources */ = {isa = PBXBuildFile; fileRef = 7409A41B2134730A007041B0 /* Graph.swift */; };
		7424C0832135B33800092E37 /* Route.swift in Sources */ = {isa = PBXBuildFile; fileRef = 7424C0822135B33800092E37 /* Route.swift */; };
		7424C0852135B38500092E37 /* Edge.swift in Sources */ = {isa = PBXBuildFile; fileRef = 7424C0842135B38500092E37 /* Edge.swift */; };
		7424C0872135B3B200092E37 /* Node.swift in Sources */ = {isa = PBXBuildFile; fileRef = 7424C0862135B3B200092E37 /* Node.swift */; };
		7424C0892135B46A00092E37 /* Shuttle.swift in Sources */ = {isa = PBXBuildFile; fileRef = 7424C0882135B46A00092E37 /* Shuttle.swift */; };
		74424DB82139A79E003A4E82 /* Random.swift in Sources */ = {isa = PBXBuildFile; fileRef = 74424DB72139A79E003A4E82 /* Random.swift */; };
		74840FC3213B40CD00C84BC8 /* rider.png in Resources */ = {isa = PBXBuildFile; fileRef = 74840FC2213B40CD00C84BC8 /* rider.png */; };
		74840FC5213CF3BF00C84BC8 /* RoutePlan.swift in Sources */ = {isa = PBXBuildFile; fileRef = 74840FC4213CF3BF00C84BC8 /* RoutePlan.swift */; };
		74840FCA2146D5E400C84BC8 /* Evaluator.swift in Sources */ = {isa = PBXBuildFile; fileRef = 74840FC92146D5E400C84BC8 /* Evaluator.swift */; };
		74840FCC2151BA5500C84BC8 /* PropertyViewController.swift in Sources */ = {isa = PBXBuildFile; fileRef = 74840FCB2151BA5500C84BC8 /* PropertyViewController.swift */; };
		7489E3F52137B0F1002F5F23 /* Metrics.swift in Sources */ = {isa = PBXBuildFile; fileRef = 7489E3F42137B0F1002F5F23 /* Metrics.swift */; };
		74A8DB0C2135D91900DA03D0 /* Rider.swift in Sources */ = {isa = PBXBuildFile; fileRef = 74A8DB0B2135D91900DA03D0 /* Rider.swift */; };
		74BE311E2160369C003DEDFC /* settings.png in Resources */ = {isa = PBXBuildFile; fileRef = 74BE311D2160369C003DEDFC /* settings.png */; };
		74BE3120216036A3003DEDFC /* playone.png in Resources */ = {isa = PBXBuildFile; fileRef = 74BE311F216036A3003DEDFC /* playone.png */; };
		74BE312421609A6B003DEDFC /* OwnerRenderView.swift in Sources */ = {isa = PBXBuildFile; fileRef = 74BE312321609A6B003DEDFC /* OwnerRenderView.swift */; };
		74BE312621626C70003DEDFC /* bus20icon.png in Resources */ = {isa = PBXBuildFile; fileRef = 74BE312521626C70003DEDFC /* bus20icon.png */; };
/* End PBXBuildFile section */

/* Begin PBXFileReference section */
		0DE36EAD21558736004850C6 /* map.json */ = {isa = PBXFileReference; lastKnownFileType = text.json; path = map.json; sourceTree = "<group>"; };
		74052FF3219E4AB900FF50BC /* Main.storyboard */ = {isa = PBXFileReference; lastKnownFileType = file.storyboard; path = Main.storyboard; sourceTree = "<group>"; };
		74052FF5219E4D8700FF50BC /* bus_stop.json */ = {isa = PBXFileReference; fileEncoding = 4; lastKnownFileType = text.json; path = bus_stop.json; sourceTree = "<group>"; };
		74052FF7219E4E7100FF50BC /* MapsTableViewController.swift */ = {isa = PBXFileReference; lastKnownFileType = sourcecode.swift; path = MapsTableViewController.swift; sourceTree = "<group>"; };
		74052FF921A78EED00FF50BC /* map2.json */ = {isa = PBXFileReference; fileEncoding = 4; lastKnownFileType = text.json; path = map2.json; sourceTree = "<group>"; };
		7409A40521347232007041B0 /* bus20.app */ = {isa = PBXFileReference; explicitFileType = wrapper.application; includeInIndex = 0; path = bus20.app; sourceTree = BUILT_PRODUCTS_DIR; };
		7409A40821347232007041B0 /* AppDelegate.swift */ = {isa = PBXFileReference; lastKnownFileType = sourcecode.swift; path = AppDelegate.swift; sourceTree = "<group>"; };
		7409A40A21347232007041B0 /* Emulator.swift */ = {isa = PBXFileReference; lastKnownFileType = sourcecode.swift; path = Emulator.swift; sourceTree = "<group>"; };
		7409A40D21347232007041B0 /* Base */ = {isa = PBXFileReference; lastKnownFileType = file.storyboard; name = Base; path = Base.lproj/Emulator.storyboard; sourceTree = "<group>"; };
		7409A40F21347232007041B0 /* Assets.xcassets */ = {isa = PBXFileReference; lastKnownFileType = folder.assetcatalog; path = Assets.xcassets; sourceTree = "<group>"; };
		7409A41221347232007041B0 /* Base */ = {isa = PBXFileReference; lastKnownFileType = file.storyboard; name = Base; path = Base.lproj/LaunchScreen.storyboard; sourceTree = "<group>"; };
		7409A41421347232007041B0 /* Info.plist */ = {isa = PBXFileReference; lastKnownFileType = text.plist.xml; path = Info.plist; sourceTree = "<group>"; };
		7409A41B2134730A007041B0 /* Graph.swift */ = {isa = PBXFileReference; lastKnownFileType = sourcecode.swift; path = Graph.swift; sourceTree = "<group>"; };
		7424C0822135B33800092E37 /* Route.swift */ = {isa = PBXFileReference; fileEncoding = 4; lastKnownFileType = sourcecode.swift; path = Route.swift; sourceTree = "<group>"; };
		7424C0842135B38500092E37 /* Edge.swift */ = {isa = PBXFileReference; fileEncoding = 4; lastKnownFileType = sourcecode.swift; path = Edge.swift; sourceTree = "<group>"; };
		7424C0862135B3B200092E37 /* Node.swift */ = {isa = PBXFileReference; fileEncoding = 4; lastKnownFileType = sourcecode.swift; path = Node.swift; sourceTree = "<group>"; };
		7424C0882135B46A00092E37 /* Shuttle.swift */ = {isa = PBXFileReference; fileEncoding = 4; lastKnownFileType = sourcecode.swift; path = Shuttle.swift; sourceTree = "<group>"; };
		74424DB72139A79E003A4E82 /* Random.swift */ = {isa = PBXFileReference; fileEncoding = 4; lastKnownFileType = sourcecode.swift; path = Random.swift; sourceTree = "<group>"; };
		74840FC2213B40CD00C84BC8 /* rider.png */ = {isa = PBXFileReference; lastKnownFileType = image.png; path = rider.png; sourceTree = "<group>"; };
		74840FC4213CF3BF00C84BC8 /* RoutePlan.swift */ = {isa = PBXFileReference; fileEncoding = 4; lastKnownFileType = sourcecode.swift; path = RoutePlan.swift; sourceTree = "<group>"; };
		74840FC6213DE51700C84BC8 /* LICENSE.txt */ = {isa = PBXFileReference; lastKnownFileType = text; name = LICENSE.txt; path = ../../LICENSE.txt; sourceTree = "<group>"; };
		74840FC7213DE59200C84BC8 /* README.md */ = {isa = PBXFileReference; lastKnownFileType = net.daringfireball.markdown; name = README.md; path = ../../README.md; sourceTree = "<group>"; };
		74840FC92146D5E400C84BC8 /* Evaluator.swift */ = {isa = PBXFileReference; lastKnownFileType = sourcecode.swift; path = Evaluator.swift; sourceTree = "<group>"; };
		74840FCB2151BA5500C84BC8 /* PropertyViewController.swift */ = {isa = PBXFileReference; lastKnownFileType = sourcecode.swift; path = PropertyViewController.swift; sourceTree = "<group>"; };
		7489E3F42137B0F1002F5F23 /* Metrics.swift */ = {isa = PBXFileReference; fileEncoding = 4; lastKnownFileType = sourcecode.swift; path = Metrics.swift; sourceTree = "<group>"; };
		74A8DB0B2135D91900DA03D0 /* Rider.swift */ = {isa = PBXFileReference; fileEncoding = 4; lastKnownFileType = sourcecode.swift; path = Rider.swift; sourceTree = "<group>"; };
		74BE311D2160369C003DEDFC /* settings.png */ = {isa = PBXFileReference; lastKnownFileType = image.png; path = settings.png; sourceTree = "<group>"; };
		74BE311F216036A3003DEDFC /* playone.png */ = {isa = PBXFileReference; lastKnownFileType = image.png; path = playone.png; sourceTree = "<group>"; };
		74BE312321609A6B003DEDFC /* OwnerRenderView.swift */ = {isa = PBXFileReference; lastKnownFileType = sourcecode.swift; path = OwnerRenderView.swift; sourceTree = "<group>"; };
		74BE312521626C70003DEDFC /* bus20icon.png */ = {isa = PBXFileReference; lastKnownFileType = image.png; name = bus20icon.png; path = bus20/Assets.xcassets/AppIcon.appiconset/bus20icon.png; sourceTree = SOURCE_ROOT; };
/* End PBXFileReference section */

/* Begin PBXFrameworksBuildPhase section */
		7409A40221347232007041B0 /* Frameworks */ = {
			isa = PBXFrameworksBuildPhase;
			buildActionMask = 2147483647;
			files = (
			);
			runOnlyForDeploymentPostprocessing = 0;
		};
/* End PBXFrameworksBuildPhase section */

/* Begin PBXGroup section */
		7409A3FC21347232007041B0 = {
			isa = PBXGroup;
			children = (
				7409A40721347232007041B0 /* bus20 */,
				7409A40621347232007041B0 /* Products */,
			);
			sourceTree = "<group>";
		};
		7409A40621347232007041B0 /* Products */ = {
			isa = PBXGroup;
			children = (
				7409A40521347232007041B0 /* bus20.app */,
			);
			name = Products;
			sourceTree = "<group>";
		};
		7409A40721347232007041B0 /* bus20 */ = {
			isa = PBXGroup;
			children = (
				74840FC1213B407800C84BC8 /* Media */,
				7409A41A2134729B007041B0 /* Model */,
				7409A40821347232007041B0 /* AppDelegate.swift */,
				7409A40A21347232007041B0 /* Emulator.swift */,
				74052FF7219E4E7100FF50BC /* MapsTableViewController.swift */,
				74BE312321609A6B003DEDFC /* OwnerRenderView.swift */,
				74840FCB2151BA5500C84BC8 /* PropertyViewController.swift */,
				7409A40C21347232007041B0 /* Emulator.storyboard */,
				74052FF3219E4AB900FF50BC /* Main.storyboard */,
				74052FF5219E4D8700FF50BC /* bus_stop.json */,
				0DE36EAD21558736004850C6 /* map.json */,
				74052FF921A78EED00FF50BC /* map2.json */,
				7409A40F21347232007041B0 /* Assets.xcassets */,
				7409A41121347232007041B0 /* LaunchScreen.storyboard */,
				7409A41421347232007041B0 /* Info.plist */,
				74840FC6213DE51700C84BC8 /* LICENSE.txt */,
				74840FC7213DE59200C84BC8 /* README.md */,
			);
			path = bus20;
			sourceTree = "<group>";
		};
		7409A41A2134729B007041B0 /* Model */ = {
			isa = PBXGroup;
			children = (
				7409A41B2134730A007041B0 /* Graph.swift */,
				7489E3F42137B0F1002F5F23 /* Metrics.swift */,
				7424C0822135B33800092E37 /* Route.swift */,
				7424C0842135B38500092E37 /* Edge.swift */,
				74424DB72139A79E003A4E82 /* Random.swift */,
				74A8DB0B2135D91900DA03D0 /* Rider.swift */,
				7424C0882135B46A00092E37 /* Shuttle.swift */,
				74840FC92146D5E400C84BC8 /* Evaluator.swift */,
				7424C0862135B3B200092E37 /* Node.swift */,
				74840FC4213CF3BF00C84BC8 /* RoutePlan.swift */,
			);
			path = Model;
			sourceTree = "<group>";
		};
		74840FC1213B407800C84BC8 /* Media */ = {
			isa = PBXGroup;
			children = (
				74BE312521626C70003DEDFC /* bus20icon.png */,
				74840FC2213B40CD00C84BC8 /* rider.png */,
				74BE311D2160369C003DEDFC /* settings.png */,
				74BE311F216036A3003DEDFC /* playone.png */,
			);
			path = Media;
			sourceTree = "<group>";
		};
/* End PBXGroup section */

/* Begin PBXNativeTarget section */
		7409A40421347232007041B0 /* bus20 */ = {
			isa = PBXNativeTarget;
			buildConfigurationList = 7409A41721347232007041B0 /* Build configuration list for PBXNativeTarget "bus20" */;
			buildPhases = (
				7409A40121347232007041B0 /* Sources */,
				7409A40221347232007041B0 /* Frameworks */,
				7409A40321347232007041B0 /* Resources */,
			);
			buildRules = (
			);
			dependencies = (
			);
			name = bus20;
			productName = bus20;
			productReference = 7409A40521347232007041B0 /* bus20.app */;
			productType = "com.apple.product-type.application";
		};
/* End PBXNativeTarget section */

/* Begin PBXProject section */
		7409A3FD21347232007041B0 /* Project object */ = {
			isa = PBXProject;
			attributes = {
				LastSwiftUpdateCheck = 0900;
				LastUpgradeCheck = 1000;
				ORGANIZATIONNAME = "SATOSHI NAKAJIMA";
				TargetAttributes = {
					7409A40421347232007041B0 = {
						CreatedOnToolsVersion = 9.0;
						LastSwiftMigration = 1000;
						ProvisioningStyle = Automatic;
					};
				};
			};
			buildConfigurationList = 7409A40021347232007041B0 /* Build configuration list for PBXProject "bus20" */;
			compatibilityVersion = "Xcode 8.0";
			developmentRegion = en;
			hasScannedForEncodings = 0;
			knownRegions = (
				en,
				Base,
			);
			mainGroup = 7409A3FC21347232007041B0;
			productRefGroup = 7409A40621347232007041B0 /* Products */;
			projectDirPath = "";
			projectRoot = "";
			targets = (
				7409A40421347232007041B0 /* bus20 */,
			);
		};
/* End PBXProject section */

/* Begin PBXResourcesBuildPhase section */
		7409A40321347232007041B0 /* Resources */ = {
			isa = PBXResourcesBuildPhase;
			buildActionMask = 2147483647;
			files = (
				74052FFA21A78EED00FF50BC /* map2.json in Resources */,
				74052FF6219E4D8700FF50BC /* bus_stop.json in Resources */,
				74BE311E2160369C003DEDFC /* settings.png in Resources */,
				7409A41321347232007041B0 /* LaunchScreen.storyboard in Resources */,
				7409A41021347232007041B0 /* Assets.xcassets in Resources */,
				74BE3120216036A3003DEDFC /* playone.png in Resources */,
				74840FC3213B40CD00C84BC8 /* rider.png in Resources */,
				74BE312621626C70003DEDFC /* bus20icon.png in Resources */,
				74052FF4219E4AB900FF50BC /* Main.storyboard in Resources */,
				0DE36EAE21558736004850C6 /* map.json in Resources */,
				7409A40E21347232007041B0 /* Emulator.storyboard in Resources */,
			);
			runOnlyForDeploymentPostprocessing = 0;
		};
/* End PBXResourcesBuildPhase section */

/* Begin PBXSourcesBuildPhase section */
		7409A40121347232007041B0 /* Sources */ = {
			isa = PBXSourcesBuildPhase;
			buildActionMask = 2147483647;
			files = (
				74BE312421609A6B003DEDFC /* OwnerRenderView.swift in Sources */,
				74052FF8219E4E7100FF50BC /* MapsTableViewController.swift in Sources */,
				7409A41C2134730A007041B0 /* Graph.swift in Sources */,
				7424C0892135B46A00092E37 /* Shuttle.swift in Sources */,
				74424DB82139A79E003A4E82 /* Random.swift in Sources */,
				7424C0832135B33800092E37 /* Route.swift in Sources */,
				7409A40B21347232007041B0 /* Emulator.swift in Sources */,
				74840FCA2146D5E400C84BC8 /* Evaluator.swift in Sources */,
				74840FC5213CF3BF00C84BC8 /* RoutePlan.swift in Sources */,
				7489E3F52137B0F1002F5F23 /* Metrics.swift in Sources */,
				74A8DB0C2135D91900DA03D0 /* Rider.swift in Sources */,
				74840FCC2151BA5500C84BC8 /* PropertyViewController.swift in Sources */,
				7424C0872135B3B200092E37 /* Node.swift in Sources */,
				7424C0852135B38500092E37 /* Edge.swift in Sources */,
				7409A40921347232007041B0 /* AppDelegate.swift in Sources */,
			);
			runOnlyForDeploymentPostprocessing = 0;
		};
/* End PBXSourcesBuildPhase section */

/* Begin PBXVariantGroup section */
		7409A40C21347232007041B0 /* Emulator.storyboard */ = {
			isa = PBXVariantGroup;
			children = (
				7409A40D21347232007041B0 /* Base */,
			);
			name = Emulator.storyboard;
			sourceTree = "<group>";
		};
		7409A41121347232007041B0 /* LaunchScreen.storyboard */ = {
			isa = PBXVariantGroup;
			children = (
				7409A41221347232007041B0 /* Base */,
			);
			name = LaunchScreen.storyboard;
			sourceTree = "<group>";
		};
/* End PBXVariantGroup section */

/* Begin XCBuildConfiguration section */
		7409A41521347232007041B0 /* Debug */ = {
			isa = XCBuildConfiguration;
			buildSettings = {
				ALWAYS_SEARCH_USER_PATHS = NO;
				CLANG_ANALYZER_NONNULL = YES;
				CLANG_ANALYZER_NUMBER_OBJECT_CONVERSION = YES_AGGRESSIVE;
				CLANG_CXX_LANGUAGE_STANDARD = "gnu++14";
				CLANG_CXX_LIBRARY = "libc++";
				CLANG_ENABLE_MODULES = YES;
				CLANG_ENABLE_OBJC_ARC = YES;
				CLANG_WARN_BLOCK_CAPTURE_AUTORELEASING = YES;
				CLANG_WARN_BOOL_CONVERSION = YES;
				CLANG_WARN_COMMA = YES;
				CLANG_WARN_CONSTANT_CONVERSION = YES;
				CLANG_WARN_DEPRECATED_OBJC_IMPLEMENTATIONS = YES;
				CLANG_WARN_DIRECT_OBJC_ISA_USAGE = YES_ERROR;
				CLANG_WARN_DOCUMENTATION_COMMENTS = YES;
				CLANG_WARN_EMPTY_BODY = YES;
				CLANG_WARN_ENUM_CONVERSION = YES;
				CLANG_WARN_INFINITE_RECURSION = YES;
				CLANG_WARN_INT_CONVERSION = YES;
				CLANG_WARN_NON_LITERAL_NULL_CONVERSION = YES;
				CLANG_WARN_OBJC_IMPLICIT_RETAIN_SELF = YES;
				CLANG_WARN_OBJC_LITERAL_CONVERSION = YES;
				CLANG_WARN_OBJC_ROOT_CLASS = YES_ERROR;
				CLANG_WARN_RANGE_LOOP_ANALYSIS = YES;
				CLANG_WARN_STRICT_PROTOTYPES = YES;
				CLANG_WARN_SUSPICIOUS_MOVE = YES;
				CLANG_WARN_UNGUARDED_AVAILABILITY = YES_AGGRESSIVE;
				CLANG_WARN_UNREACHABLE_CODE = YES;
				CLANG_WARN__DUPLICATE_METHOD_MATCH = YES;
				CODE_SIGN_IDENTITY = "iPhone Developer";
				COPY_PHASE_STRIP = NO;
				DEBUG_INFORMATION_FORMAT = dwarf;
				ENABLE_STRICT_OBJC_MSGSEND = YES;
				ENABLE_TESTABILITY = YES;
				GCC_C_LANGUAGE_STANDARD = gnu11;
				GCC_DYNAMIC_NO_PIC = NO;
				GCC_NO_COMMON_BLOCKS = YES;
				GCC_OPTIMIZATION_LEVEL = 0;
				GCC_PREPROCESSOR_DEFINITIONS = (
					"DEBUG=1",
					"$(inherited)",
				);
				GCC_WARN_64_TO_32_BIT_CONVERSION = YES;
				GCC_WARN_ABOUT_RETURN_TYPE = YES_ERROR;
				GCC_WARN_UNDECLARED_SELECTOR = YES;
				GCC_WARN_UNINITIALIZED_AUTOS = YES_AGGRESSIVE;
				GCC_WARN_UNUSED_FUNCTION = YES;
				GCC_WARN_UNUSED_VARIABLE = YES;
				IPHONEOS_DEPLOYMENT_TARGET = 11.0;
				MTL_ENABLE_DEBUG_INFO = YES;
				ONLY_ACTIVE_ARCH = YES;
				SDKROOT = iphoneos;
				SWIFT_ACTIVE_COMPILATION_CONDITIONS = DEBUG;
				SWIFT_OPTIMIZATION_LEVEL = "-Onone";
			};
			name = Debug;
		};
		7409A41621347232007041B0 /* Release */ = {
			isa = XCBuildConfiguration;
			buildSettings = {
				ALWAYS_SEARCH_USER_PATHS = NO;
				CLANG_ANALYZER_NONNULL = YES;
				CLANG_ANALYZER_NUMBER_OBJECT_CONVERSION = YES_AGGRESSIVE;
				CLANG_CXX_LANGUAGE_STANDARD = "gnu++14";
				CLANG_CXX_LIBRARY = "libc++";
				CLANG_ENABLE_MODULES = YES;
				CLANG_ENABLE_OBJC_ARC = YES;
				CLANG_WARN_BLOCK_CAPTURE_AUTORELEASING = YES;
				CLANG_WARN_BOOL_CONVERSION = YES;
				CLANG_WARN_COMMA = YES;
				CLANG_WARN_CONSTANT_CONVERSION = YES;
				CLANG_WARN_DEPRECATED_OBJC_IMPLEMENTATIONS = YES;
				CLANG_WARN_DIRECT_OBJC_ISA_USAGE = YES_ERROR;
				CLANG_WARN_DOCUMENTATION_COMMENTS = YES;
				CLANG_WARN_EMPTY_BODY = YES;
				CLANG_WARN_ENUM_CONVERSION = YES;
				CLANG_WARN_INFINITE_RECURSION = YES;
				CLANG_WARN_INT_CONVERSION = YES;
				CLANG_WARN_NON_LITERAL_NULL_CONVERSION = YES;
				CLANG_WARN_OBJC_IMPLICIT_RETAIN_SELF = YES;
				CLANG_WARN_OBJC_LITERAL_CONVERSION = YES;
				CLANG_WARN_OBJC_ROOT_CLASS = YES_ERROR;
				CLANG_WARN_RANGE_LOOP_ANALYSIS = YES;
				CLANG_WARN_STRICT_PROTOTYPES = YES;
				CLANG_WARN_SUSPICIOUS_MOVE = YES;
				CLANG_WARN_UNGUARDED_AVAILABILITY = YES_AGGRESSIVE;
				CLANG_WARN_UNREACHABLE_CODE = YES;
				CLANG_WARN__DUPLICATE_METHOD_MATCH = YES;
				CODE_SIGN_IDENTITY = "iPhone Developer";
				COPY_PHASE_STRIP = NO;
				DEBUG_INFORMATION_FORMAT = "dwarf-with-dsym";
				ENABLE_NS_ASSERTIONS = NO;
				ENABLE_STRICT_OBJC_MSGSEND = YES;
				GCC_C_LANGUAGE_STANDARD = gnu11;
				GCC_NO_COMMON_BLOCKS = YES;
				GCC_WARN_64_TO_32_BIT_CONVERSION = YES;
				GCC_WARN_ABOUT_RETURN_TYPE = YES_ERROR;
				GCC_WARN_UNDECLARED_SELECTOR = YES;
				GCC_WARN_UNINITIALIZED_AUTOS = YES_AGGRESSIVE;
				GCC_WARN_UNUSED_FUNCTION = YES;
				GCC_WARN_UNUSED_VARIABLE = YES;
				IPHONEOS_DEPLOYMENT_TARGET = 11.0;
				MTL_ENABLE_DEBUG_INFO = NO;
				SDKROOT = iphoneos;
				SWIFT_OPTIMIZATION_LEVEL = "-Owholemodule";
				VALIDATE_PRODUCT = YES;
			};
			name = Release;
		};
		7409A41821347232007041B0 /* Debug */ = {
			isa = XCBuildConfiguration;
			buildSettings = {
				ASSETCATALOG_COMPILER_APPICON_NAME = AppIcon;
				CODE_SIGN_STYLE = Automatic;
				DEVELOPMENT_TEAM = H34BY2CCCD;
				INFOPLIST_FILE = bus20/Info.plist;
				LD_RUNPATH_SEARCH_PATHS = "$(inherited) @executable_path/Frameworks";
				PRODUCT_BUNDLE_IDENTIFIER = org.singularitysociety.bus200;
				PRODUCT_NAME = "$(TARGET_NAME)";
				SWIFT_VERSION = 4.2;
				TARGETED_DEVICE_FAMILY = "1,2";
			};
			name = Debug;
		};
		7409A41921347232007041B0 /* Release */ = {
			isa = XCBuildConfiguration;
			buildSettings = {
				ASSETCATALOG_COMPILER_APPICON_NAME = AppIcon;
				CODE_SIGN_STYLE = Automatic;
				DEVELOPMENT_TEAM = H34BY2CCCD;
				INFOPLIST_FILE = bus20/Info.plist;
				LD_RUNPATH_SEARCH_PATHS = "$(inherited) @executable_path/Frameworks";
				PRODUCT_BUNDLE_IDENTIFIER = org.singularitysociety.bus200;
				PRODUCT_NAME = "$(TARGET_NAME)";
				SWIFT_VERSION = 4.2;
				TARGETED_DEVICE_FAMILY = "1,2";
			};
			name = Release;
		};
/* End XCBuildConfiguration section */

/* Begin XCConfigurationList section */
		7409A40021347232007041B0 /* Build configuration list for PBXProject "bus20" */ = {
			isa = XCConfigurationList;
			buildConfigurations = (
				7409A41521347232007041B0 /* Debug */,
				7409A41621347232007041B0 /* Release */,
			);
			defaultConfigurationIsVisible = 0;
			defaultConfigurationName = Release;
		};
		7409A41721347232007041B0 /* Build configuration list for PBXNativeTarget "bus20" */ = {
			isa = XCConfigurationList;
			buildConfigurations = (
				7409A41821347232007041B0 /* Debug */,
				7409A41921347232007041B0 /* Release */,
			);
			defaultConfigurationIsVisible = 0;
			defaultConfigurationName = Release;
		};
/* End XCConfigurationList section */
	};
	rootObject = 7409A3FD21347232007041B0 /* Project object */;
}
